
Microsoft Visual Studio Solution File, Format Version 12.00
# Visual Studio Version 17
VisualStudioVersion = 17.0.31903.59
MinimumVisualStudioVersion = 10.0.40219.1
Project("{FAE04EC0-301F-11D3-BF4B-00C04F79EFBC}") = "LeetCodeHackerRankProbs", "LeetCodeHackerRankProbs\LeetCodeHackerRankProbs.csproj", "{B7BDB3E0-591F-4CA9-BFD1-ACF83D317E4C}"
EndProject
Project("{FAE04EC0-301F-11D3-BF4B-00C04F79EFBC}") = "LeetCodeHackerRankTest", "LeetCodeHackerRankTest\LeetCodeHackerRankTest.csproj", "{DD226A21-A5EE-44E8-90CC-D85C59990469}"
EndProject
Global
	GlobalSection(SolutionConfigurationPlatforms) = preSolution
		Debug|Any CPU = Debug|Any CPU
		Release|Any CPU = Release|Any CPU
	EndGlobalSection
	GlobalSection(SolutionProperties) = preSolution
		HideSolutionNode = FALSE
	EndGlobalSection
	GlobalSection(ProjectConfigurationPlatforms) = postSolution
		{B7BDB3E0-591F-4CA9-BFD1-ACF83D317E4C}.Debug|Any CPU.ActiveCfg = Debug|Any CPU
		{B7BDB3E0-591F-4CA9-BFD1-ACF83D317E4C}.Debug|Any CPU.Build.0 = Debug|Any CPU
		{B7BDB3E0-591F-4CA9-BFD1-ACF83D317E4C}.Release|Any CPU.ActiveCfg = Release|Any CPU
		{B7BDB3E0-591F-4CA9-BFD1-ACF83D317E4C}.Release|Any CPU.Build.0 = Release|Any CPU
		{DD226A21-A5EE-44E8-90CC-D85C59990469}.Debug|Any CPU.ActiveCfg = Debug|Any CPU
		{DD226A21-A5EE-44E8-90CC-D85C59990469}.Debug|Any CPU.Build.0 = Debug|Any CPU
		{DD226A21-A5EE-44E8-90CC-D85C59990469}.Release|Any CPU.ActiveCfg = Release|Any CPU
		{DD226A21-A5EE-44E8-90CC-D85C59990469}.Release|Any CPU.Build.0 = Release|Any CPU
	EndGlobalSection
EndGlobal
